
Microsoft Visual Studio Solution File, Format Version 12.00
# Visual Studio Version 17
VisualStudioVersion = 17.5.33530.505
MinimumVisualStudioVersion = 10.0.40219.1
Project("{FAE04EC0-301F-11D3-BF4B-00C04F79EFBC}") = "WindowsFormsApp1", "WindowsFormsApp1.csproj", "{EECC65EB-A73C-46B6-9637-7C55E28DFB41}"
EndProject
Project("{2150E333-8FDC-42A3-9474-1A3956D46DE8}") = "Solution Items", "Solution Items", "{3BAA2FD5-FF0D-4ED5-90F4-B45B035DFE8A}"
	ProjectSection(SolutionItems) = preProject
		.editorconfig = .editorconfig
	EndProjectSection
EndProject
Global
	GlobalSection(SolutionConfigurationPlatforms) = preSolution
		Debug|Any CPU = Debug|Any CPU
		Release|Any CPU = Release|Any CPU
	EndGlobalSection
	GlobalSection(ProjectConfigurationPlatforms) = postSolution
		{EECC65EB-A73C-46B6-9637-7C55E28DFB41}.Debug|Any CPU.ActiveCfg = Debug|Any CPU
		{EECC65EB-A73C-46B6-9637-7C55E28DFB41}.Debug|Any CPU.Build.0 = Debug|Any CPU
		{EECC65EB-A73C-46B6-9637-7C55E28DFB41}.Release|Any CPU.ActiveCfg = Release|Any CPU
		{EECC65EB-A73C-46B6-9637-7C55E28DFB41}.Release|Any CPU.Build.0 = Release|Any CPU
	EndGlobalSection
	GlobalSection(SolutionProperties) = preSolution
		HideSolutionNode = FALSE
	EndGlobalSection
	GlobalSection(ExtensibilityGlobals) = postSolution
		SolutionGuid = {B222FB24-A5A8-41C1-858D-7885C4B25AAD}
	EndGlobalSection
EndGlobal
